
Microsoft Visual Studio Solution File, Format Version 12.00
# Visual Studio 15
VisualStudioVersion = 15.0.28307.645
MinimumVisualStudioVersion = 10.0.40219.1
Project("{FAE04EC0-301F-11D3-BF4B-00C04F79EFBC}") = "Generator_Class_BD", "Generator_Class_BD\Generator_Class_BD.csproj", "{899A9FDC-8C37-4873-983F-4887880E93D4}"
EndProject
Global
	GlobalSection(SolutionConfigurationPlatforms) = preSolution
		Debug|Any CPU = Debug|Any CPU
		Release|Any CPU = Release|Any CPU
	EndGlobalSection
	GlobalSection(ProjectConfigurationPlatforms) = postSolution
		{899A9FDC-8C37-4873-983F-4887880E93D4}.Debug|Any CPU.ActiveCfg = Debug|Any CPU
		{899A9FDC-8C37-4873-983F-4887880E93D4}.Debug|Any CPU.Build.0 = Debug|Any CPU
		{899A9FDC-8C37-4873-983F-4887880E93D4}.Release|Any CPU.ActiveCfg = Release|Any CPU
		{899A9FDC-8C37-4873-983F-4887880E93D4}.Release|Any CPU.Build.0 = Release|Any CPU
	EndGlobalSection
	GlobalSection(SolutionProperties) = preSolution
		HideSolutionNode = FALSE
	EndGlobalSection
	GlobalSection(ExtensibilityGlobals) = postSolution
		SolutionGuid = {8AF5A1EC-EB24-4DB8-8D74-C6A117A14803}
	EndGlobalSection
EndGlobal
